# THIS IS AN AUTOGENERATED FILE. DO NOT EDIT THIS FILE DIRECTLY.
# yarn lockfile v1


"@babel/helper-validator-identifier@^7.10.4":
  version "7.10.4"
  resolved "https://registry.npmjs.org/@babel/helper-validator-identifier/-/helper-validator-identifier-7.10.4.tgz#a78c7a7251e01f616512d31b10adcf52ada5e0d2"
  integrity sha512-3U9y+43hz7ZM+rzG24Qe2mufW5KhvFg/NhnNph+i9mgCtdTCtMJuI1TMkrIUiK7Ix4PYlRF9I5dhqaLYA/ADXw==

"@babel/parser@^7.10.4":
  version "7.10.5"
  resolved "https://registry.npmjs.org/@babel/parser/-/parser-7.10.5.tgz#e7c6bf5a7deff957cec9f04b551e2762909d826b"
  integrity sha512-wfryxy4bE1UivvQKSQDU4/X6dr+i8bctjUjj8Zyt3DQy7NtPizJXT8M52nqpNKL+nq2PW8lxk4ZqLj0fD4B4hQ==

"@babel/types@^7.10.4":
  version "7.10.5"
  resolved "https://registry.npmjs.org/@babel/types/-/types-7.10.5.tgz#d88ae7e2fde86bfbfe851d4d81afa70a997b5d15"
  integrity sha512-ixV66KWfCI6GKoA/2H9v6bQdbfXEwwpOdQ8cRvb4F+eyvhlaHxWFMQB4+3d9QFJXZsiiiqVrewNV0DFEQpyT4Q==
  dependencies:
    "@babel/helper-validator-identifier" "^7.10.4"
    lodash "^4.17.19"
    to-fast-properties "^2.0.0"

"@types/clone@^0.1.30":
  version "0.1.30"
  resolved "https://registry.npmjs.org/@types/clone/-/clone-0.1.30.tgz#e7365648c1b42136a59c7d5040637b3b5c83b614"
  integrity sha1-5zZWSMG0ITalnH1QQGN7O1yDthQ=

"@types/deep-diff@^1.0.0":
  version "1.0.0"
  resolved "https://registry.npmjs.org/@types/deep-diff/-/deep-diff-1.0.0.tgz#7eba3202a99b3a207f758f351f7f86387269fc40"
  integrity sha512-ENsJcujGbCU/oXhDfQ12mSo/mCBWodT2tpARZKmatoSrf8+cGRCPi0KVj3I0FORhYZfLXkewXu7AoIWqiBLkNw==

"@vue/compiler-core@3.0.0-beta.22":
  version "3.0.0-beta.22"
  resolved "https://registry.npmjs.org/@vue/compiler-core/-/compiler-core-3.0.0-beta.22.tgz#d49acac2125d5e54fcf6958402ad449e2587c540"
  integrity sha512-i/e965dQbJ4EGkX53a/aBO//IjgG5Rl9LOoRh91ZmPxi44WSG+tu+mvq+y7lRl5HoxkjGWo8GVErFYSRQnSLPA==
  dependencies:
    "@babel/parser" "^7.10.4"
    "@babel/types" "^7.10.4"
    "@vue/shared" "3.0.0-beta.22"
    estree-walker "^2.0.1"
    source-map "^0.6.1"

"@vue/compiler-dom@3.0.0-beta.22":
  version "3.0.0-beta.22"
  resolved "https://registry.npmjs.org/@vue/compiler-dom/-/compiler-dom-3.0.0-beta.22.tgz#d3eae4321767529ca73f93a1ddb378f53e5728b4"
  integrity sha512-kJCEeyaBbS+VjYNFEi3o2mnwS2rqdthpQ6TNigojXmGKEoA3UCOrn3IGR3iTSdo/3knaoA9/zwJ8LcxSXkZXMg==
  dependencies:
    "@vue/compiler-core" "3.0.0-beta.22"
    "@vue/shared" "3.0.0-beta.22"

"@vue/reactivity@3.0.0-beta.22":
  version "3.0.0-beta.22"
  resolved "https://registry.npmjs.org/@vue/reactivity/-/reactivity-3.0.0-beta.22.tgz#7abf17bdf1bb2e0faa2aff84435da761f4db6b63"
  integrity sha512-DzRrb/MBgjRFPzD7YmkLBb9m9VMSC6rIxTX5RT7c5tQ44D1WnpivrkXGe2Wm9aqjIP7AV3UyhMumKpHjvV8sFw==
  dependencies:
    "@vue/shared" "3.0.0-beta.22"

"@vue/runtime-core@3.0.0-beta.22":
  version "3.0.0-beta.22"
  resolved "https://registry.npmjs.org/@vue/runtime-core/-/runtime-core-3.0.0-beta.22.tgz#0b4342899f27d67e1d55dc48e40b90e61dddd45c"
  integrity sha512-uTz8iAgp0UexmxlVS0NCZWS/7n4tuXiHkT2fiJLUQq1/fdNOt3yM1UEtlIZ2lM6wDxX9ukNeddS3NUXanrOGnA==
  dependencies:
    "@vue/reactivity" "3.0.0-beta.22"
    "@vue/shared" "3.0.0-beta.22"

"@vue/runtime-dom@3.0.0-beta.22":
  version "3.0.0-beta.22"
  resolved "https://registry.npmjs.org/@vue/runtime-dom/-/runtime-dom-3.0.0-beta.22.tgz#7254b72ebec229664cef32d6843759950fa7f912"
  integrity sha512-bAIDV8CW/EoN484a0Wxu2I6jJyrXMbF47TZ/S/N0IS/ftBKxZ4dDlokMjiG5Vxl2R9c/DeKv3RWdr4KRUfy80w==
  dependencies:
    "@vue/runtime-core" "3.0.0-beta.22"
    "@vue/shared" "3.0.0-beta.22"
    csstype "^2.6.8"

"@vue/shared@3.0.0-beta.22":
  version "3.0.0-beta.22"
  resolved "https://registry.npmjs.org/@vue/shared/-/shared-3.0.0-beta.22.tgz#b5c40f27f9fbb76f235255d836c3226566ae9652"
  integrity sha512-LX/unRMM9QUGIQjR9v2pKy60MRXWQRVEgaL6R8nFSRkbx2TTmShIdqmQPgciQwEBe7n5hsdZcSms+8LepNEykg==

axios@0.19.2:
  version "0.19.2"
  resolved "https://registry.npmjs.org/axios/-/axios-0.19.2.tgz#3ea36c5d8818d0d5f8a8a97a6d36b86cdc00cb27"
  integrity sha512-fjgm5MvRHLhx+osE2xoekY70AhARk3a6hkN+3Io1jc00jtquGvxYlKlsFUhmUET0V5te6CcZI7lcv2Ym61mjHA==
  dependencies:
    follow-redirects "1.5.10"

clone@2.1.2:
  version "2.1.2"
  resolved "https://registry.npmjs.org/clone/-/clone-2.1.2.tgz#1b7f4b9f591f1e8f83670401600345a02887435f"
  integrity sha1-G39Ln1kfHo+DZwQBYANFoCiHQ18=

csstype@^2.6.8:
  version "2.6.11"
  resolved "https://registry.npmjs.org/csstype/-/csstype-2.6.11.tgz#452f4d024149ecf260a852b025e36562a253ffc5"
  integrity sha512-l8YyEC9NBkSm783PFTvh0FmJy7s5pFKrDp49ZL7zBGX3fWkO+N4EEyan1qqp8cwPLDcD0OSdyY6hAMoxp34JFw==

debug@=3.1.0:
  version "3.1.0"
  resolved "https://registry.npmjs.org/debug/-/debug-3.1.0.tgz#5bb5a0672628b64149566ba16819e61518c67261"
  integrity sha512-OX8XqP7/1a9cqkxYw2yXss15f26NKWBpDXQd0/uK/KPqdQhxbPa994hnzjcE2VqQpDslf55723cKPUOGSmMY3g==
  dependencies:
    ms "2.0.0"

deep-diff@1.0.2:
  version "1.0.2"
  resolved "https://registry.npmjs.org/deep-diff/-/deep-diff-1.0.2.tgz#afd3d1f749115be965e89c63edc7abb1506b9c26"
  integrity sha512-aWS3UIVH+NPGCD1kki+DCU9Dua032iSsO43LqQpcs4R3+dVv7tX0qBGjiVHJHjplsoUM2XRO/KB92glqc68awg==

estree-walker@^2.0.1:
  version "2.0.1"
  resolved "https://registry.npmjs.org/estree-walker/-/estree-walker-2.0.1.tgz#f8e030fb21cefa183b44b7ad516b747434e7a3e0"
  integrity sha512-tF0hv+Yi2Ot1cwj9eYHtxC0jB9bmjacjQs6ZBTj82H8JwUywFuc+7E83NWfNMwHXZc11mjfFcVXPe9gEP4B8dg==

follow-redirects@1.5.10:
  version "1.5.10"
  resolved "https://registry.npmjs.org/follow-redirects/-/follow-redirects-1.5.10.tgz#7b7a9f9aea2fdff36786a94ff643ed07f4ff5e2a"
  integrity sha512-0V5l4Cizzvqt5D44aTXbFZz+FtyXV1vrDN6qrelxtfYQKW0KO0W2T/hkE8xvGa/540LkZlkaUjO4ailYTFtHVQ==
  dependencies:
    debug "=3.1.0"

lodash@^4.17.19:
  version "4.17.19"
  resolved "https://registry.npmjs.org/lodash/-/lodash-4.17.19.tgz#e48ddedbe30b3321783c5b4301fbd353bc1e4a4b"
  integrity sha512-JNvd8XER9GQX0v2qJgsaN/mzFCNA5BRe/j8JN9d+tWyGLSodKQHKFicdwNYzWwI3wjRnaKPsGj1XkBjx/F96DQ==

ms@2.0.0:
  version "2.0.0"
  resolved "https://registry.npmjs.org/ms/-/ms-2.0.0.tgz#5608aeadfc00be6c2901df5f9861788de0d597c8"
  integrity sha1-VgiurfwAvmwpAd9fmGF4jeDVl8g=

source-map@^0.6.1:
  version "0.6.1"
  resolved "https://registry.npmjs.org/source-map/-/source-map-0.6.1.tgz#74722af32e9614e9c287a8d0bbde48b5e2f1a263"
  integrity sha512-UjgapumWlbMhkBgzT7Ykc5YXUT46F0iKu8SGXq0bcwP5dz/h0Plj6enJqjz1Zbq2l5WaqYnrVbwWOWMyF3F47g==

to-fast-properties@^2.0.0:
  version "2.0.0"
  resolved "https://registry.npmjs.org/to-fast-properties/-/to-fast-properties-2.0.0.tgz#dc5e698cbd079265bc73e0377681a4e4e83f616e"
  integrity sha1-3F5pjL0HkmW8c+A3doGk5Og/YW4=

tslib@2.0.0:
  version "2.0.0"
  resolved "https://registry.npmjs.org/tslib/-/tslib-2.0.0.tgz#18d13fc2dce04051e20f074cc8387fd8089ce4f3"
  integrity sha512-lTqkx847PI7xEDYJntxZH89L2/aXInsyF2luSafe/+0fHOMjlBNXdH6th7f70qxLDhul7KZK0zC8V5ZIyHl0/g==

vue@^3.0.0-beta.22:
  version "3.0.0-beta.22"
  resolved "https://registry.npmjs.org/vue/-/vue-3.0.0-beta.22.tgz#7ef933093313b457446e0257b5abce35e71b4669"
  integrity sha512-5oWCsrczYcfDaL9o+XhHsDYi/DqmD8y30oJAP7MWoD9n+olofXQBsj/D3g1vDfXP6kITMKPmK4B6kFv+brwYfQ==
  dependencies:
    "@vue/compiler-dom" "3.0.0-beta.22"
    "@vue/runtime-dom" "3.0.0-beta.22"
    "@vue/shared" "3.0.0-beta.22"
