# THIS IS AN AUTOGENERATED FILE. DO NOT EDIT THIS FILE DIRECTLY.
# yarn lockfile v1


"@types/clone@^0.1.30":
  version "0.1.30"
  resolved "https://registry.npmjs.org/@types/clone/-/clone-0.1.30.tgz#e7365648c1b42136a59c7d5040637b3b5c83b614"
  integrity sha1-5zZWSMG0ITalnH1QQGN7O1yDthQ=

clone@2.1.2:
  version "2.1.2"
  resolved "https://registry.npmjs.org/clone/-/clone-2.1.2.tgz#1b7f4b9f591f1e8f83670401600345a02887435f"
  integrity sha1-G39Ln1kfHo+DZwQBYANFoCiHQ18=

immer@8.0.0:
  version "8.0.0"
  resolved "https://registry.npmjs.org/immer/-/immer-8.0.0.tgz#08763549ba9dd7d5e2eb4bec504a8315bd9440c2"
  integrity sha512-jm87NNBAIG4fHwouilCHIecFXp5rMGkiFrAuhVO685UnMAlOneEAnOyzPt8OnP47TC11q/E7vpzZe0WvwepFTg==

tslib@2.0.3:
  version "2.0.3"
  resolved "https://registry.npmjs.org/tslib/-/tslib-2.0.3.tgz#8e0741ac45fc0c226e58a17bfc3e64b9bc6ca61c"
  integrity sha512-uZtkfKblCEQtZKBF6EBXVZeQNl82yqtDQdv+eck8u7tdPxjLu2/lp5/uPW+um2tpuxINHWy3GhiccY7QgEaVHQ==
